<?xml version="1.0" encoding="utf-8"?>
<Project ToolsVersion="4.0" xmlns="http://schemas.microsoft.com/developer/msbuild/2003">
  <ItemGroup>
    <ClCompile Include="Actor.cpp" />
    <ClCompile Include="AudioManager.cpp" />
    <ClCompile Include="Character.cpp" />
    <ClCompile Include="Enemy.cpp" />
    <ClCompile Include="EnemyFactory.cpp" />
    <ClCompile Include="EnemyHandler.cpp" />
    <ClCompile Include="environment.cpp" />
    <ClCompile Include="Game.cpp" />
    <ClCompile Include="KeyboardController.cpp" />
    <ClCompile Include="Level1.cpp" />
    <ClCompile Include="main.cpp" />
    <ClCompile Include="Player.cpp" />
    <ClCompile Include="Point.cpp" />
    <ClCompile Include="Projectile.cpp" />
    <ClCompile Include="Skeleton.cpp" />
    <ClCompile Include="SplashScreen.cpp" />
    <ClCompile Include="StateHandler.cpp" />
    <ClCompile Include="SuperLevel.cpp" />
    <ClCompile Include="TitleScreen.cpp" />
    <ClCompile Include="Ui.cpp" />
    <ClCompile Include="Vector2f.cpp" />
  </ItemGroup>
  <ItemGroup>
    <ClInclude Include="Actor.h" />
    <ClInclude Include="AudioManager.h" />
    <ClInclude Include="Character.h" />
    <ClInclude Include="Enemy.h" />
    <ClInclude Include="EnemyFactory.h" />
    <ClInclude Include="EnemyHandler.h" />
    <ClInclude Include="Environment.h" />
    <ClInclude Include="Game.h" />
    <ClInclude Include="KeyboardController.h" />
    <ClInclude Include="Level1.h" />
    <ClInclude Include="Objects.h" />
    <ClInclude Include="Player.h" />
    <ClInclude Include="Point.h" />
    <ClInclude Include="Projectile.h" />
    <ClInclude Include="Skeleton.h" />
    <ClInclude Include="SplashScreen.h" />
    <ClInclude Include="SuperLevel.h" />
    <ClInclude Include="StateHandler.h" />
    <ClInclude Include="GameState.h" />
    <ClInclude Include="TitleScreen.h" />
    <ClInclude Include="Ui.h" />
    <ClInclude Include="Vector2f.h" />
  </ItemGroup>
  <ItemGroup>
    <None Include="..\..\Resources\KeyActions.xml" />
    <None Include="ClassDiagram1.cd" />
		<Filter>Source Files</Filter>
	</ClCompile>
  </ItemGroup>
</Project>