
Microsoft Visual Studio Solution File, Format Version 11.00
# Visual Studio 2010
Project("{8BC9CEB8-8B4A-11D0-8D11-00A0C91BC942}") = "GameProject", "GameProject\GameProject.vcxproj", "{5198035F-491E-4969-9E00-D95DE9070CC6}"
EndProject
Global
	GlobalSection(SolutionConfigurationPlatforms) = preSolution
		Debug|Win32 = Debug|Win32
		Release|Win32 = Release|Win32
	EndGlobalSection
	GlobalSection(ProjectConfigurationPlatforms) = postSolution
		{5198035F-491E-4969-9E00-D95DE9070CC6}.Debug|Win32.ActiveCfg = Debug|Win32
		{5198035F-491E-4969-9E00-D95DE9070CC6}.Debug|Win32.Build.0 = Debug|Win32
		{5198035F-491E-4969-9E00-D95DE9070CC6}.Release|Win32.ActiveCfg = Release|Win32
		{5198035F-491E-4969-9E00-D95DE9070CC6}.Release|Win32.Build.0 = Release|Win32
	EndGlobalSection
	GlobalSection(SolutionProperties) = preSolution
		HideSolutionNode = FALSE
	EndGlobalSection
EndGlobal
